
Microsoft Visual Studio Solution File, Format Version 12.00
# Visual Studio Version 17
VisualStudioVersion = 17.11.35222.181
MinimumVisualStudioVersion = 10.0.40219.1
Project("{FAE04EC0-301F-11D3-BF4B-00C04F79EFBC}") = "ADO", "ADO\ADO.csproj", "{005AA522-B0E6-40A0-BCB7-75782F3CD5DA}"
EndProject
Project("{9A19103F-16F7-4668-BE54-9A1E7A4F7556}") = "ADOConnectorLibrary", "ADOConnectorLibrary\ADOConnectorLibrary.csproj", "{24D7E1A6-B58B-49E2-93BD-DBFB72E3C98A}"
EndProject
Project("{FAE04EC0-301F-11D3-BF4B-00C04F79EFBC}") = "TEST", "TEST\TEST.csproj", "{25A08E3A-64FA-4A16-9638-CC464F100E76}"
EndProject
Project("{FAE04EC0-301F-11D3-BF4B-00C04F79EFBC}") = "DBtools", "DBtools\DBtools.csproj", "{E19B5CBE-D29E-44DC-A33D-57D2C1FE271B}"
EndProject
Project("{FAE04EC0-301F-11D3-BF4B-00C04F79EFBC}") = "DLLtest", "DLLtest\DLLtest.csproj", "{2D3EA7C4-5479-4CAA-804B-4F50982194C7}"
EndProject
Project("{FAE04EC0-301F-11D3-BF4B-00C04F79EFBC}") = "Acadamy", "Acadamy\Acadamy.csproj", "{68DA666D-90D9-426A-B018-A0E25114FD2E}"
EndProject
Global
	GlobalSection(SolutionConfigurationPlatforms) = preSolution
		Debug|Any CPU = Debug|Any CPU
		Release|Any CPU = Release|Any CPU
	EndGlobalSection
	GlobalSection(ProjectConfigurationPlatforms) = postSolution
		{005AA522-B0E6-40A0-BCB7-75782F3CD5DA}.Debug|Any CPU.ActiveCfg = Debug|Any CPU
		{005AA522-B0E6-40A0-BCB7-75782F3CD5DA}.Debug|Any CPU.Build.0 = Debug|Any CPU
		{005AA522-B0E6-40A0-BCB7-75782F3CD5DA}.Release|Any CPU.ActiveCfg = Release|Any CPU
		{005AA522-B0E6-40A0-BCB7-75782F3CD5DA}.Release|Any CPU.Build.0 = Release|Any CPU
		{24D7E1A6-B58B-49E2-93BD-DBFB72E3C98A}.Debug|Any CPU.ActiveCfg = Debug|Any CPU
		{24D7E1A6-B58B-49E2-93BD-DBFB72E3C98A}.Debug|Any CPU.Build.0 = Debug|Any CPU
		{24D7E1A6-B58B-49E2-93BD-DBFB72E3C98A}.Release|Any CPU.ActiveCfg = Release|Any CPU
		{24D7E1A6-B58B-49E2-93BD-DBFB72E3C98A}.Release|Any CPU.Build.0 = Release|Any CPU
		{25A08E3A-64FA-4A16-9638-CC464F100E76}.Debug|Any CPU.ActiveCfg = Debug|Any CPU
		{25A08E3A-64FA-4A16-9638-CC464F100E76}.Debug|Any CPU.Build.0 = Debug|Any CPU
		{25A08E3A-64FA-4A16-9638-CC464F100E76}.Release|Any CPU.ActiveCfg = Release|Any CPU
		{25A08E3A-64FA-4A16-9638-CC464F100E76}.Release|Any CPU.Build.0 = Release|Any CPU
		{E19B5CBE-D29E-44DC-A33D-57D2C1FE271B}.Debug|Any CPU.ActiveCfg = Debug|Any CPU
		{E19B5CBE-D29E-44DC-A33D-57D2C1FE271B}.Debug|Any CPU.Build.0 = Debug|Any CPU
		{E19B5CBE-D29E-44DC-A33D-57D2C1FE271B}.Release|Any CPU.ActiveCfg = Release|Any CPU
		{E19B5CBE-D29E-44DC-A33D-57D2C1FE271B}.Release|Any CPU.Build.0 = Release|Any CPU
		{2D3EA7C4-5479-4CAA-804B-4F50982194C7}.Debug|Any CPU.ActiveCfg = Debug|Any CPU
		{2D3EA7C4-5479-4CAA-804B-4F50982194C7}.Debug|Any CPU.Build.0 = Debug|Any CPU
		{2D3EA7C4-5479-4CAA-804B-4F50982194C7}.Release|Any CPU.ActiveCfg = Release|Any CPU
		{2D3EA7C4-5479-4CAA-804B-4F50982194C7}.Release|Any CPU.Build.0 = Release|Any CPU
		{68DA666D-90D9-426A-B018-A0E25114FD2E}.Debug|Any CPU.ActiveCfg = Debug|Any CPU
		{68DA666D-90D9-426A-B018-A0E25114FD2E}.Debug|Any CPU.Build.0 = Debug|Any CPU
		{68DA666D-90D9-426A-B018-A0E25114FD2E}.Release|Any CPU.ActiveCfg = Release|Any CPU
		{68DA666D-90D9-426A-B018-A0E25114FD2E}.Release|Any CPU.Build.0 = Release|Any CPU
	EndGlobalSection
	GlobalSection(SolutionProperties) = preSolution
		HideSolutionNode = FALSE
	EndGlobalSection
	GlobalSection(ExtensibilityGlobals) = postSolution
		SolutionGuid = {26BD2D21-7991-4BF7-88D1-5AB3AD53F43C}
	EndGlobalSection
EndGlobal
